
Microsoft Visual Studio Solution File, Format Version 12.00
# Visual Studio 2013
Project("{8BC9CEB8-8B4A-11D0-8D11-00A0C91BC942}") = "ReflectiveShadowMaps", "ReflectiveShadowMaps.vcxproj", "{072D8CB2-6600-4038-B343-69EED87C7D24}"
EndProject
Global
	GlobalSection(SolutionConfigurationPlatforms) = preSolution
		Debug|Win32 = Debug|Win32
		Release|Win32 = Release|Win32
	EndGlobalSection
	GlobalSection(ProjectConfigurationPlatforms) = postSolution
		{072D8CB2-6600-4038-B343-69EED87C7D24}.Debug|Win32.ActiveCfg = Debug|Win32
		{072D8CB2-6600-4038-B343-69EED87C7D24}.Debug|Win32.Build.0 = Debug|Win32
		{072D8CB2-6600-4038-B343-69EED87C7D24}.Release|Win32.ActiveCfg = Release|Win32
		{072D8CB2-6600-4038-B343-69EED87C7D24}.Release|Win32.Build.0 = Release|Win32
	EndGlobalSection
	GlobalSection(SolutionProperties) = preSolution
		HideSolutionNode = FALSE
	EndGlobalSection
EndGlobal
