
Microsoft Visual Studio Solution File, Format Version 12.00
# Visual Studio 2013
Project("{8BC9CEB8-8B4A-11D0-8D11-00A0C91BC942}") = "ImGuiBasic", "ImGuiBasic.vcxproj", "{E7C6FB0C-2A63-4A07-85ED-E72F9FB9235A}"
EndProject
Global
	GlobalSection(SolutionConfigurationPlatforms) = preSolution
		Debug|Win32 = Debug|Win32
		Release|Win32 = Release|Win32
	EndGlobalSection
	GlobalSection(ProjectConfigurationPlatforms) = postSolution
		{E7C6FB0C-2A63-4A07-85ED-E72F9FB9235A}.Debug|Win32.ActiveCfg = Debug|Win32
		{E7C6FB0C-2A63-4A07-85ED-E72F9FB9235A}.Debug|Win32.Build.0 = Debug|Win32
		{E7C6FB0C-2A63-4A07-85ED-E72F9FB9235A}.Release|Win32.ActiveCfg = Release|Win32
		{E7C6FB0C-2A63-4A07-85ED-E72F9FB9235A}.Release|Win32.Build.0 = Release|Win32
	EndGlobalSection
	GlobalSection(SolutionProperties) = preSolution
		HideSolutionNode = FALSE
	EndGlobalSection
EndGlobal
