
Microsoft Visual Studio Solution File, Format Version 12.00
# Visual Studio 2013
Project("{8BC9CEB8-8B4A-11D0-8D11-00A0C91BC942}") = "UniformBufferObjects", "UniformBufferObjects.vcxproj", "{0B05D8E3-DCD2-4E46-8A00-2F086315E2D0}"
EndProject
Global
	GlobalSection(SolutionConfigurationPlatforms) = preSolution
		Debug|Win32 = Debug|Win32
		Release|Win32 = Release|Win32
	EndGlobalSection
	GlobalSection(ProjectConfigurationPlatforms) = postSolution
		{0B05D8E3-DCD2-4E46-8A00-2F086315E2D0}.Debug|Win32.ActiveCfg = Debug|Win32
		{0B05D8E3-DCD2-4E46-8A00-2F086315E2D0}.Debug|Win32.Build.0 = Debug|Win32
		{0B05D8E3-DCD2-4E46-8A00-2F086315E2D0}.Release|Win32.ActiveCfg = Release|Win32
		{0B05D8E3-DCD2-4E46-8A00-2F086315E2D0}.Release|Win32.Build.0 = Release|Win32
	EndGlobalSection
	GlobalSection(SolutionProperties) = preSolution
		HideSolutionNode = FALSE
	EndGlobalSection
EndGlobal
