
Microsoft Visual Studio Solution File, Format Version 12.00
# Visual Studio 2013
Project("{8BC9CEB8-8B4A-11D0-8D11-00A0C91BC942}") = "TextBoxes", "TextBoxes.vcxproj", "{EEE29E9A-030C-4180-A6DD-1B9FDE543B00}"
EndProject
Global
	GlobalSection(SolutionConfigurationPlatforms) = preSolution
		Debug|Win32 = Debug|Win32
		Release|Win32 = Release|Win32
	EndGlobalSection
	GlobalSection(ProjectConfigurationPlatforms) = postSolution
		{EEE29E9A-030C-4180-A6DD-1B9FDE543B00}.Debug|Win32.ActiveCfg = Debug|Win32
		{EEE29E9A-030C-4180-A6DD-1B9FDE543B00}.Debug|Win32.Build.0 = Debug|Win32
		{EEE29E9A-030C-4180-A6DD-1B9FDE543B00}.Release|Win32.ActiveCfg = Release|Win32
		{EEE29E9A-030C-4180-A6DD-1B9FDE543B00}.Release|Win32.Build.0 = Release|Win32
	EndGlobalSection
	GlobalSection(SolutionProperties) = preSolution
		HideSolutionNode = FALSE
	EndGlobalSection
EndGlobal
